
Microsoft Visual Studio Solution File, Format Version 12.00
# Visual Studio Version 17
VisualStudioVersion = 17.12.35527.113
MinimumVisualStudioVersion = 10.0.40219.1
Project("{FAE04EC0-301F-11D3-BF4B-00C04F79EFBC}") = "AiConnector", "AiConnector\AiConnector.csproj", "{A45460D1-CF0C-4EB4-9C87-65326ED03C8D}"
EndProject
Project("{2150E333-8FDC-42A3-9474-1A3956D46DE8}") = "OpenAi", "OpenAi", "{6DC21512-0747-4DB8-9047-82B7F5B5DBE3}"
EndProject
Project("{2150E333-8FDC-42A3-9474-1A3956D46DE8}") = "Memory", "Memory", "{98101CE4-08F8-4410-B4CC-E7D3EFE99886}"
EndProject
Project("{FAE04EC0-301F-11D3-BF4B-00C04F79EFBC}") = "AiConnector.SemanticKernel.OpenAi", "AiConnector.SemanticKernel.OpenAi\AiConnector.SemanticKernel.OpenAi.csproj", "{68964EBE-5D22-4D97-A7EB-159B1EA450BC}"
EndProject
Project("{E53339B2-1760-4266-BCC7-CA923CBCF16C}") = "docker-compose", "docker-compose.dcproj", "{0537A432-D255-47DA-8057-85C9D2DFADF7}"
EndProject
Project("{2150E333-8FDC-42A3-9474-1A3956D46DE8}") = "CICD", "CICD", "{7E8D1A4B-B2A7-47FF-A2ED-622B9D0FEE17}"
	ProjectSection(SolutionItems) = preProject
		.github\workflows\docker-image.yml = .github\workflows\docker-image.yml
		.github\workflows\main_flow.yml = .github\workflows\main_flow.yml
	EndProjectSection
EndProject
Project("{FAE04EC0-301F-11D3-BF4B-00C04F79EFBC}") = "TelegramBot.Tests", "TelegramBot.Tests\TelegramBot.Tests.csproj", "{C640194D-126D-433A-97C9-F768A3B320F6}"
EndProject
Project("{FAE04EC0-301F-11D3-BF4B-00C04F79EFBC}") = "TelegramBot", "TelegramBot\TelegramBot.csproj", "{2F59E3C3-DB52-4093-B77C-8C4F263D6C72}"
EndProject
Project("{FAE04EC0-301F-11D3-BF4B-00C04F79EFBC}") = "AiConnector.SemanticKernel.Mongodb", "AiConnector.SemanticKernel.Mongodb\AiConnector.SemanticKernel.Mongodb.csproj", "{0DB77F66-C8B7-4EBD-BE1F-7576174F9909}"
EndProject
Project("{2150E333-8FDC-42A3-9474-1A3956D46DE8}") = "Plugins", "Plugins", "{4213ADB8-B265-4C33-87F3-61B1634DC989}"
EndProject
Project("{FAE04EC0-301F-11D3-BF4B-00C04F79EFBC}") = "MyCvPlugin", "Plugins\MyCvPlugin\MyCvPlugin.csproj", "{1971CF27-96B7-4AB4-9DAE-2137FBEDC4AF}"
EndProject
Global
	GlobalSection(SolutionConfigurationPlatforms) = preSolution
		Debug|Any CPU = Debug|Any CPU
		Release|Any CPU = Release|Any CPU
	EndGlobalSection
	GlobalSection(ProjectConfigurationPlatforms) = postSolution
		{A45460D1-CF0C-4EB4-9C87-65326ED03C8D}.Debug|Any CPU.ActiveCfg = Debug|Any CPU
		{A45460D1-CF0C-4EB4-9C87-65326ED03C8D}.Debug|Any CPU.Build.0 = Debug|Any CPU
		{A45460D1-CF0C-4EB4-9C87-65326ED03C8D}.Release|Any CPU.ActiveCfg = Release|Any CPU
		{A45460D1-CF0C-4EB4-9C87-65326ED03C8D}.Release|Any CPU.Build.0 = Release|Any CPU
		{68964EBE-5D22-4D97-A7EB-159B1EA450BC}.Debug|Any CPU.ActiveCfg = Debug|Any CPU
		{68964EBE-5D22-4D97-A7EB-159B1EA450BC}.Debug|Any CPU.Build.0 = Debug|Any CPU
		{68964EBE-5D22-4D97-A7EB-159B1EA450BC}.Release|Any CPU.ActiveCfg = Release|Any CPU
		{68964EBE-5D22-4D97-A7EB-159B1EA450BC}.Release|Any CPU.Build.0 = Release|Any CPU
		{0537A432-D255-47DA-8057-85C9D2DFADF7}.Debug|Any CPU.ActiveCfg = Debug|Any CPU
		{0537A432-D255-47DA-8057-85C9D2DFADF7}.Release|Any CPU.ActiveCfg = Release|Any CPU
		{0537A432-D255-47DA-8057-85C9D2DFADF7}.Release|Any CPU.Build.0 = Release|Any CPU
		{C640194D-126D-433A-97C9-F768A3B320F6}.Debug|Any CPU.ActiveCfg = Debug|Any CPU
		{C640194D-126D-433A-97C9-F768A3B320F6}.Debug|Any CPU.Build.0 = Debug|Any CPU
		{C640194D-126D-433A-97C9-F768A3B320F6}.Release|Any CPU.ActiveCfg = Release|Any CPU
		{C640194D-126D-433A-97C9-F768A3B320F6}.Release|Any CPU.Build.0 = Release|Any CPU
		{2F59E3C3-DB52-4093-B77C-8C4F263D6C72}.Debug|Any CPU.ActiveCfg = Debug|Any CPU
		{2F59E3C3-DB52-4093-B77C-8C4F263D6C72}.Debug|Any CPU.Build.0 = Debug|Any CPU
		{2F59E3C3-DB52-4093-B77C-8C4F263D6C72}.Release|Any CPU.ActiveCfg = Release|Any CPU
		{2F59E3C3-DB52-4093-B77C-8C4F263D6C72}.Release|Any CPU.Build.0 = Release|Any CPU
		{0DB77F66-C8B7-4EBD-BE1F-7576174F9909}.Debug|Any CPU.ActiveCfg = Debug|Any CPU
		{0DB77F66-C8B7-4EBD-BE1F-7576174F9909}.Debug|Any CPU.Build.0 = Debug|Any CPU
		{0DB77F66-C8B7-4EBD-BE1F-7576174F9909}.Release|Any CPU.ActiveCfg = Release|Any CPU
		{0DB77F66-C8B7-4EBD-BE1F-7576174F9909}.Release|Any CPU.Build.0 = Release|Any CPU
		{1971CF27-96B7-4AB4-9DAE-2137FBEDC4AF}.Debug|Any CPU.ActiveCfg = Debug|Any CPU
		{1971CF27-96B7-4AB4-9DAE-2137FBEDC4AF}.Debug|Any CPU.Build.0 = Debug|Any CPU
		{1971CF27-96B7-4AB4-9DAE-2137FBEDC4AF}.Release|Any CPU.ActiveCfg = Release|Any CPU
		{1971CF27-96B7-4AB4-9DAE-2137FBEDC4AF}.Release|Any CPU.Build.0 = Release|Any CPU
	EndGlobalSection
	GlobalSection(SolutionProperties) = preSolution
		HideSolutionNode = FALSE
	EndGlobalSection
	GlobalSection(NestedProjects) = preSolution
		{68964EBE-5D22-4D97-A7EB-159B1EA450BC} = {6DC21512-0747-4DB8-9047-82B7F5B5DBE3}
		{0DB77F66-C8B7-4EBD-BE1F-7576174F9909} = {98101CE4-08F8-4410-B4CC-E7D3EFE99886}
		{1971CF27-96B7-4AB4-9DAE-2137FBEDC4AF} = {4213ADB8-B265-4C33-87F3-61B1634DC989}
	EndGlobalSection
EndGlobal
